// !$*UTF8*$!
{
	archiveVersion = 1;
	classes = {
	};
	objectVersion = 77;
	objects = {

/* Begin PBXBuildFile section */
		7DBEFB0D2CFC7D2000F18B57 /* SnapKit in Frameworks */ = {isa = PBXBuildFile; productRef = 7DBEFB0C2CFC7D2000F18B57 /* SnapKit */; };
/* End PBXBuildFile section */

/* Begin PBXContainerItemProxy section */
		7DBEFAEC2CFC7C2400F18B57 /* PBXContainerItemProxy */ = {
			isa = PBXContainerItemProxy;
			containerPortal = 7DBEFACD2CFC7C2200F18B57 /* Project object */;
			proxyType = 1;
			remoteGlobalIDString = 7DBEFAD42CFC7C2200F18B57;
			remoteInfo = MutiScreenAppWithNavigationController;
		};
		7DBEFAF62CFC7C2400F18B57 /* PBXContainerItemProxy */ = {
			isa = PBXContainerItemProxy;
			containerPortal = 7DBEFACD2CFC7C2200F18B57 /* Project object */;
			proxyType = 1;
			remoteGlobalIDString = 7DBEFAD42CFC7C2200F18B57;
			remoteInfo = MutiScreenAppWithNavigationController;
		};
/* End PBXContainerItemProxy section */

/* Begin PBXFileReference section */
		7DBEFAD52CFC7C2200F18B57 /* MutiScreenAppWithNavigationController.app */ = {isa = PBXFileReference; explicitFileType = wrapper.application; includeInIndex = 0; path = MutiScreenAppWithNavigationController.app; sourceTree = BUILT_PRODUCTS_DIR; };
		7DBEFAEB2CFC7C2400F18B57 /* MutiScreenAppWithNavigationControllerTests.xctest */ = {isa = PBXFileReference; explicitFileType = wrapper.cfbundle; includeInIndex = 0; path = MutiScreenAppWithNavigationControllerTests.xctest; sourceTree = BUILT_PRODUCTS_DIR; };
		7DBEFAF52CFC7C2400F18B57 /* MutiScreenAppWithNavigationControllerUITests.xctest */ = {isa = PBXFileReference; explicitFileType = wrapper.cfbundle; includeInIndex = 0; path = MutiScreenAppWithNavigationControllerUITests.xctest; sourceTree = BUILT_PRODUCTS_DIR; };
/* End PBXFileReference section */

/* Begin PBXFileSystemSynchronizedBuildFileExceptionSet section */
		7DBEFAFD2CFC7C2400F18B57 /* Exceptions for "MutiScreenAppWithNavigationController" folder in "MutiScreenAppWithNavigationController" target */ = {
			isa = PBXFileSystemSynchronizedBuildFileExceptionSet;
			membershipExceptions = (
				Info.plist,
			);
			target = 7DBEFAD42CFC7C2200F18B57 /* MutiScreenAppWithNavigationController */;
		};
/* End PBXFileSystemSynchronizedBuildFileExceptionSet section */

/* Begin PBXFileSystemSynchronizedRootGroup section */
		7DBEFAD72CFC7C2200F18B57 /* MutiScreenAppWithNavigationController */ = {
			isa = PBXFileSystemSynchronizedRootGroup;
			exceptions = (
				7DBEFAFD2CFC7C2400F18B57 /* Exceptions for "MutiScreenAppWithNavigationController" folder in "MutiScreenAppWithNavigationController" target */,
			);
			path = MutiScreenAppWithNavigationController;
			sourceTree = "<group>";
		};
		7DBEFAEE2CFC7C2400F18B57 /* MutiScreenAppWithNavigationControllerTests */ = {
			isa = PBXFileSystemSynchronizedRootGroup;
			path = MutiScreenAppWithNavigationControllerTests;
			sourceTree = "<group>";
		};
		7DBEFAF82CFC7C2400F18B57 /* MutiScreenAppWithNavigationControllerUITests */ = {
			isa = PBXFileSystemSynchronizedRootGroup;
			path = MutiScreenAppWithNavigationControllerUITests;
			sourceTree = "<group>";
		};
/* End PBXFileSystemSynchronizedRootGroup section */

/* Begin PBXFrameworksBuildPhase section */
		7DBEFAD22CFC7C2200F18B57 /* Frameworks */ = {
			isa = PBXFrameworksBuildPhase;
			buildActionMask = 2147483647;
			files = (
				7DBEFB0D2CFC7D2000F18B57 /* SnapKit in Frameworks */,
			);
			runOnlyForDeploymentPostprocessing = 0;
		};
		7DBEFAE82CFC7C2400F18B57 /* Frameworks */ = {
			isa = PBXFrameworksBuildPhase;
			buildActionMask = 2147483647;
			files = (
			);
			runOnlyForDeploymentPostprocessing = 0;
		};
		7DBEFAF22CFC7C2400F18B57 /* Frameworks */ = {
			isa = PBXFrameworksBuildPhase;
			buildActionMask = 2147483647;
			files = (
			);
			runOnlyForDeploymentPostprocessing = 0;
		};
/* End PBXFrameworksBuildPhase section */

/* Begin PBXGroup section */
		7DBEFACC2CFC7C2200F18B57 = {
			isa = PBXGroup;
			children = (
				7DBEFAD72CFC7C2200F18B57 /* MutiScreenAppWithNavigationController */,
				7DBEFAEE2CFC7C2400F18B57 /* MutiScreenAppWithNavigationControllerTests */,
				7DBEFAF82CFC7C2400F18B57 /* MutiScreenAppWithNavigationControllerUITests */,
				7DBEFAD62CFC7C2200F18B57 /* Products */,
			);
			sourceTree = "<group>";
		};
		7DBEFAD62CFC7C2200F18B57 /* Products */ = {
			isa = PBXGroup;
			children = (
				7DBEFAD52CFC7C2200F18B57 /* MutiScreenAppWithNavigationController.app */,
				7DBEFAEB2CFC7C2400F18B57 /* MutiScreenAppWithNavigationControllerTests.xctest */,
				7DBEFAF52CFC7C2400F18B57 /* MutiScreenAppWithNavigationControllerUITests.xctest */,
			);
			name = Products;
			sourceTree = "<group>";
		};
/* End PBXGroup section */

/* Begin PBXNativeTarget section */
		7DBEFAD42CFC7C2200F18B57 /* MutiScreenAppWithNavigationController */ = {
			isa = PBXNativeTarget;
			buildConfigurationList = 7DBEFAFE2CFC7C2400F18B57 /* Build configuration list for PBXNativeTarget "MutiScreenAppWithNavigationController" */;
			buildPhases = (
				7DBEFAD12CFC7C2200F18B57 /* Sources */,
				7DBEFAD22CFC7C2200F18B57 /* Frameworks */,
				7DBEFAD32CFC7C2200F18B57 /* Resources */,
			);
			buildRules = (
			);
			dependencies = (
			);
			fileSystemSynchronizedGroups = (
				7DBEFAD72CFC7C2200F18B57 /* MutiScreenAppWithNavigationController */,
			);
			name = MutiScreenAppWithNavigationController;
			packageProductDependencies = (
				7DBEFB0C2CFC7D2000F18B57 /* SnapKit */,
			);
			productName = MutiScreenAppWithNavigationController;
			productReference = 7DBEFAD52CFC7C2200F18B57 /* MutiScreenAppWithNavigationController.app */;
			productType = "com.apple.product-type.application";
		};
		7DBEFAEA2CFC7C2400F18B57 /* MutiScreenAppWithNavigationControllerTests */ = {
			isa = PBXNativeTarget;
			buildConfigurationList = 7DBEFB032CFC7C2400F18B57 /* Build configuration list for PBXNativeTarget "MutiScreenAppWithNavigationControllerTests" */;
			buildPhases = (
				7DBEFAE72CFC7C2400F18B57 /* Sources */,
				7DBEFAE82CFC7C2400F18B57 /* Frameworks */,
				7DBEFAE92CFC7C2400F18B57 /* Resources */,
			);
			buildRules = (
			);
			dependencies = (
				7DBEFAED2CFC7C2400F18B57 /* PBXTargetDependency */,
			);
			fileSystemSynchronizedGroups = (
				7DBEFAEE2CFC7C2400F18B57 /* MutiScreenAppWithNavigationControllerTests */,
			);
			name = MutiScreenAppWithNavigationControllerTests;
			packageProductDependencies = (
			);
			productName = MutiScreenAppWithNavigationControllerTests;
			productReference = 7DBEFAEB2CFC7C2400F18B57 /* MutiScreenAppWithNavigationControllerTests.xctest */;
			productType = "com.apple.product-type.bundle.unit-test";
		};
		7DBEFAF42CFC7C2400F18B57 /* MutiScreenAppWithNavigationControllerUITests */ = {
			isa = PBXNativeTarget;
			buildConfigurationList = 7DBEFB062CFC7C2400F18B57 /* Build configuration list for PBXNativeTarget "MutiScreenAppWithNavigationControllerUITests" */;
			buildPhases = (
				7DBEFAF12CFC7C2400F18B57 /* Sources */,
				7DBEFAF22CFC7C2400F18B57 /* Frameworks */,
				7DBEFAF32CFC7C2400F18B57 /* Resources */,
			);
			buildRules = (
			);
			dependencies = (
				7DBEFAF72CFC7C2400F18B57 /* PBXTargetDependency */,
			);
			fileSystemSynchronizedGroups = (
				7DBEFAF82CFC7C2400F18B57 /* MutiScreenAppWithNavigationControllerUITests */,
			);
			name = MutiScreenAppWithNavigationControllerUITests;
			packageProductDependencies = (
			);
			productName = MutiScreenAppWithNavigationControllerUITests;
			productReference = 7DBEFAF52CFC7C2400F18B57 /* MutiScreenAppWithNavigationControllerUITests.xctest */;
			productType = "com.apple.product-type.bundle.ui-testing";
		};
/* End PBXNativeTarget section */

/* Begin PBXProject section */
		7DBEFACD2CFC7C2200F18B57 /* Project object */ = {
			isa = PBXProject;
			attributes = {
				BuildIndependentTargetsInParallel = 1;
				LastSwiftUpdateCheck = 1600;
				LastUpgradeCheck = 1600;
				TargetAttributes = {
					7DBEFAD42CFC7C2200F18B57 = {
						CreatedOnToolsVersion = 16.0;
					};
					7DBEFAEA2CFC7C2400F18B57 = {
						CreatedOnToolsVersion = 16.0;
						TestTargetID = 7DBEFAD42CFC7C2200F18B57;
					};
					7DBEFAF42CFC7C2400F18B57 = {
						CreatedOnToolsVersion = 16.0;
						TestTargetID = 7DBEFAD42CFC7C2200F18B57;
					};
				};
			};
			buildConfigurationList = 7DBEFAD02CFC7C2200F18B57 /* Build configuration list for PBXProject "MutiScreenAppWithNavigationController" */;
			developmentRegion = en;
			hasScannedForEncodings = 0;
			knownRegions = (
				en,
				Base,
			);
			mainGroup = 7DBEFACC2CFC7C2200F18B57;
			minimizedProjectReferenceProxies = 1;
			packageReferences = (
				7DBEFB0B2CFC7D2000F18B57 /* XCRemoteSwiftPackageReference "SnapKit" */,
			);
			preferredProjectObjectVersion = 77;
			productRefGroup = 7DBEFAD62CFC7C2200F18B57 /* Products */;
			projectDirPath = "";
			projectRoot = "";
			targets = (
				7DBEFAD42CFC7C2200F18B57 /* MutiScreenAppWithNavigationController */,
				7DBEFAEA2CFC7C2400F18B57 /* MutiScreenAppWithNavigationControllerTests */,
				7DBEFAF42CFC7C2400F18B57 /* MutiScreenAppWithNavigationControllerUITests */,
			);
		};
/* End PBXProject section */

/* Begin PBXResourcesBuildPhase section */
		7DBEFAD32CFC7C2200F18B57 /* Resources */ = {
			isa = PBXResourcesBuildPhase;
			buildActionMask = 2147483647;
			files = (
			);
			runOnlyForDeploymentPostprocessing = 0;
		};
		7DBEFAE92CFC7C2400F18B57 /* Resources */ = {
			isa = PBXResourcesBuildPhase;
			buildActionMask = 2147483647;
			files = (
			);
			runOnlyForDeploymentPostprocessing = 0;
		};
		7DBEFAF32CFC7C2400F18B57 /* Resources */ = {
			isa = PBXResourcesBuildPhase;
			buildActionMask = 2147483647;
			files = (
			);
			runOnlyForDeploymentPostprocessing = 0;
		};
/* End PBXResourcesBuildPhase section */

/* Begin PBXSourcesBuildPhase section */
		7DBEFAD12CFC7C2200F18B57 /* Sources */ = {
			isa = PBXSourcesBuildPhase;
			buildActionMask = 2147483647;
			files = (
			);
			runOnlyForDeploymentPostprocessing = 0;
		};
		7DBEFAE72CFC7C2400F18B57 /* Sources */ = {
			isa = PBXSourcesBuildPhase;
			buildActionMask = 2147483647;
			files = (
			);
			runOnlyForDeploymentPostprocessing = 0;
		};
		7DBEFAF12CFC7C2400F18B57 /* Sources */ = {
			isa = PBXSourcesBuildPhase;
			buildActionMask = 2147483647;
			files = (
			);
			runOnlyForDeploymentPostprocessing = 0;
		};
/* End PBXSourcesBuildPhase section */

/* Begin PBXTargetDependency section */
		7DBEFAED2CFC7C2400F18B57 /* PBXTargetDependency */ = {
			isa = PBXTargetDependency;
			target = 7DBEFAD42CFC7C2200F18B57 /* MutiScreenAppWithNavigationController */;
			targetProxy = 7DBEFAEC2CFC7C2400F18B57 /* PBXContainerItemProxy */;
		};
		7DBEFAF72CFC7C2400F18B57 /* PBXTargetDependency */ = {
			isa = PBXTargetDependency;
			target = 7DBEFAD42CFC7C2200F18B57 /* MutiScreenAppWithNavigationController */;
			targetProxy = 7DBEFAF62CFC7C2400F18B57 /* PBXContainerItemProxy */;
		};
/* End PBXTargetDependency section */

/* Begin XCBuildConfiguration section */
		7DBEFAFF2CFC7C2400F18B57 /* Debug */ = {
			isa = XCBuildConfiguration;
			buildSettings = {
				ASSETCATALOG_COMPILER_APPICON_NAME = AppIcon;
				ASSETCATALOG_COMPILER_GLOBAL_ACCENT_COLOR_NAME = AccentColor;
				CODE_SIGN_STYLE = Automatic;
				CURRENT_PROJECT_VERSION = 1;
				DEVELOPMENT_TEAM = 962U2TD2V5;
				GENERATE_INFOPLIST_FILE = YES;
				INFOPLIST_FILE = MutiScreenAppWithNavigationController/Info.plist;
				INFOPLIST_KEY_UIApplicationSupportsIndirectInputEvents = YES;
				INFOPLIST_KEY_UILaunchStoryboardName = LaunchScreen;
				INFOPLIST_KEY_UIMainStoryboardFile = Main;
				INFOPLIST_KEY_UISupportedInterfaceOrientations_iPad = "UIInterfaceOrientationPortrait UIInterfaceOrientationPortraitUpsideDown UIInterfaceOrientationLandscapeLeft UIInterfaceOrientationLandscapeRight";
				INFOPLIST_KEY_UISupportedInterfaceOrientations_iPhone = "UIInterfaceOrientationPortrait UIInterfaceOrientationLandscapeLeft UIInterfaceOrientationLandscapeRight";
				LD_RUNPATH_SEARCH_PATHS = (
					"$(inherited)",
					"@executable_path/Frameworks",
				);
				MARKETING_VERSION = 1.0;
				PRODUCT_BUNDLE_IDENTIFIER = com.yiyi.MutiScreenAppWithNavigationController;
				PRODUCT_NAME = "$(TARGET_NAME)";
				SWIFT_EMIT_LOC_STRINGS = YES;
				SWIFT_VERSION = 5.0;
				TARGETED_DEVICE_FAMILY = "1,2";
			};
			name = Debug;
		};
		7DBEFB002CFC7C2400F18B57 /* Release */ = {
			isa = XCBuildConfiguration;
			buildSettings = {
				ASSETCATALOG_COMPILER_APPICON_NAME = AppIcon;
				ASSETCATALOG_COMPILER_GLOBAL_ACCENT_COLOR_NAME = AccentColor;
				CODE_SIGN_STYLE = Automatic;
				CURRENT_PROJECT_VERSION = 1;
				DEVELOPMENT_TEAM = 962U2TD2V5;
				GENERATE_INFOPLIST_FILE = YES;
				INFOPLIST_FILE = MutiScreenAppWithNavigationController/Info.plist;
				INFOPLIST_KEY_UIApplicationSupportsIndirectInputEvents = YES;
				INFOPLIST_KEY_UILaunchStoryboardName = LaunchScreen;
				INFOPLIST_KEY_UIMainStoryboardFile = Main;
				INFOPLIST_KEY_UISupportedInterfaceOrientations_iPad = "UIInterfaceOrientationPortrait UIInterfaceOrientationPortraitUpsideDown UIInterfaceOrientationLandscapeLeft UIInterfaceOrientationLandscapeRight";
				INFOPLIST_KEY_UISupportedInterfaceOrientations_iPhone = "UIInterfaceOrientationPortrait UIInterfaceOrientationLandscapeLeft UIInterfaceOrientationLandscapeRight";
				LD_RUNPATH_SEARCH_PATHS = (
					"$(inherited)",
					"@executable_path/Frameworks",
				);
				MARKETING_VERSION = 1.0;
				PRODUCT_BUNDLE_IDENTIFIER = com.yiyi.MutiScreenAppWithNavigationController;
				PRODUCT_NAME = "$(TARGET_NAME)";
				SWIFT_EMIT_LOC_STRINGS = YES;
				SWIFT_VERSION = 5.0;
				TARGETED_DEVICE_FAMILY = "1,2";
			};
			name = Release;
		};
		7DBEFB012CFC7C2400F18B57 /* Debug */ = {
			isa = XCBuildConfiguration;
			buildSettings = {
				ALWAYS_SEARCH_USER_PATHS = NO;
				ASSETCATALOG_COMPILER_GENERATE_SWIFT_ASSET_SYMBOL_EXTENSIONS = YES;
				CLANG_ANALYZER_NONNULL = YES;
				CLANG_ANALYZER_NUMBER_OBJECT_CONVERSION = YES_AGGRESSIVE;
				CLANG_CXX_LANGUAGE_STANDARD = "gnu++20";
				CLANG_ENABLE_MODULES = YES;
				CLANG_ENABLE_OBJC_ARC = YES;
				CLANG_ENABLE_OBJC_WEAK = YES;
				CLANG_WARN_BLOCK_CAPTURE_AUTORELEASING = YES;
				CLANG_WARN_BOOL_CONVERSION = YES;
				CLANG_WARN_COMMA = YES;
				CLANG_WARN_CONSTANT_CONVERSION = YES;
				CLANG_WARN_DEPRECATED_OBJC_IMPLEMENTATIONS = YES;
				CLANG_WARN_DIRECT_OBJC_ISA_USAGE = YES_ERROR;
				CLANG_WARN_DOCUMENTATION_COMMENTS = YES;
				CLANG_WARN_EMPTY_BODY = YES;
				CLANG_WARN_ENUM_CONVERSION = YES;
				CLANG_WARN_INFINITE_RECURSION = YES;
				CLANG_WARN_INT_CONVERSION = YES;
				CLANG_WARN_NON_LITERAL_NULL_CONVERSION = YES;
				CLANG_WARN_OBJC_IMPLICIT_RETAIN_SELF = YES;
				CLANG_WARN_OBJC_LITERAL_CONVERSION = YES;
				CLANG_WARN_OBJC_ROOT_CLASS = YES_ERROR;
				CLANG_WARN_QUOTED_INCLUDE_IN_FRAMEWORK_HEADER = YES;
				CLANG_WARN_RANGE_LOOP_ANALYSIS = YES;
				CLANG_WARN_STRICT_PROTOTYPES = YES;
				CLANG_WARN_SUSPICIOUS_MOVE = YES;
				CLANG_WARN_UNGUARDED_AVAILABILITY = YES_AGGRESSIVE;
				CLANG_WARN_UNREACHABLE_CODE = YES;
				CLANG_WARN__DUPLICATE_METHOD_MATCH = YES;
				COPY_PHASE_STRIP = NO;
				DEBUG_INFORMATION_FORMAT = dwarf;
				ENABLE_STRICT_OBJC_MSGSEND = YES;
				ENABLE_TESTABILITY = YES;
				ENABLE_USER_SCRIPT_SANDBOXING = YES;
				GCC_C_LANGUAGE_STANDARD = gnu17;
				GCC_DYNAMIC_NO_PIC = NO;
				GCC_NO_COMMON_BLOCKS = YES;
				GCC_OPTIMIZATION_LEVEL = 0;
				GCC_PREPROCESSOR_DEFINITIONS = (
					"DEBUG=1",
					"$(inherited)",
				);
				GCC_WARN_64_TO_32_BIT_CONVERSION = YES;
				GCC_WARN_ABOUT_RETURN_TYPE = YES_ERROR;
				GCC_WARN_UNDECLARED_SELECTOR = YES;
				GCC_WARN_UNINITIALIZED_AUTOS = YES_AGGRESSIVE;
				GCC_WARN_UNUSED_FUNCTION = YES;
				GCC_WARN_UNUSED_VARIABLE = YES;
				IPHONEOS_DEPLOYMENT_TARGET = 18.0;
				LOCALIZATION_PREFERS_STRING_CATALOGS = YES;
				MTL_ENABLE_DEBUG_INFO = INCLUDE_SOURCE;
				MTL_FAST_MATH = YES;
				ONLY_ACTIVE_ARCH = YES;
				SDKROOT = iphoneos;
				SWIFT_ACTIVE_COMPILATION_CONDITIONS = "DEBUG $(inherited)";
				SWIFT_OPTIMIZATION_LEVEL = "-Onone";
			};
			name = Debug;
		};
		7DBEFB022CFC7C2400F18B57 /* Release */ = {
			isa = XCBuildConfiguration;
			buildSettings = {
				ALWAYS_SEARCH_USER_PATHS = NO;
				ASSETCATALOG_COMPILER_GENERATE_SWIFT_ASSET_SYMBOL_EXTENSIONS = YES;
				CLANG_ANALYZER_NONNULL = YES;
				CLANG_ANALYZER_NUMBER_OBJECT_CONVERSION = YES_AGGRESSIVE;
				CLANG_CXX_LANGUAGE_STANDARD = "gnu++20";
				CLANG_ENABLE_MODULES = YES;
				CLANG_ENABLE_OBJC_ARC = YES;
				CLANG_ENABLE_OBJC_WEAK = YES;
				CLANG_WARN_BLOCK_CAPTURE_AUTORELEASING = YES;
				CLANG_WARN_BOOL_CONVERSION = YES;
				CLANG_WARN_COMMA = YES;
				CLANG_WARN_CONSTANT_CONVERSION = YES;
				CLANG_WARN_DEPRECATED_OBJC_IMPLEMENTATIONS = YES;
				CLANG_WARN_DIRECT_OBJC_ISA_USAGE = YES_ERROR;
				CLANG_WARN_DOCUMENTATION_COMMENTS = YES;
				CLANG_WARN_EMPTY_BODY = YES;
				CLANG_WARN_ENUM_CONVERSION = YES;
				CLANG_WARN_INFINITE_RECURSION = YES;
				CLANG_WARN_INT_CONVERSION = YES;
				CLANG_WARN_NON_LITERAL_NULL_CONVERSION = YES;
				CLANG_WARN_OBJC_IMPLICIT_RETAIN_SELF = YES;
				CLANG_WARN_OBJC_LITERAL_CONVERSION = YES;
				CLANG_WARN_OBJC_ROOT_CLASS = YES_ERROR;
				CLANG_WARN_QUOTED_INCLUDE_IN_FRAMEWORK_HEADER = YES;
				CLANG_WARN_RANGE_LOOP_ANALYSIS = YES;
				CLANG_WARN_STRICT_PROTOTYPES = YES;
				CLANG_WARN_SUSPICIOUS_MOVE = YES;
				CLANG_WARN_UNGUARDED_AVAILABILITY = YES_AGGRESSIVE;
				CLANG_WARN_UNREACHABLE_CODE = YES;
				CLANG_WARN__DUPLICATE_METHOD_MATCH = YES;
				COPY_PHASE_STRIP = NO;
				DEBUG_INFORMATION_FORMAT = "dwarf-with-dsym";
				ENABLE_NS_ASSERTIONS = NO;
				ENABLE_STRICT_OBJC_MSGSEND = YES;
				ENABLE_USER_SCRIPT_SANDBOXING = YES;
				GCC_C_LANGUAGE_STANDARD = gnu17;
				GCC_NO_COMMON_BLOCKS = YES;
				GCC_WARN_64_TO_32_BIT_CONVERSION = YES;
				GCC_WARN_ABOUT_RETURN_TYPE = YES_ERROR;
				GCC_WARN_UNDECLARED_SELECTOR = YES;
				GCC_WARN_UNINITIALIZED_AUTOS = YES_AGGRESSIVE;
				GCC_WARN_UNUSED_FUNCTION = YES;
				GCC_WARN_UNUSED_VARIABLE = YES;
				IPHONEOS_DEPLOYMENT_TARGET = 18.0;
				LOCALIZATION_PREFERS_STRING_CATALOGS = YES;
				MTL_ENABLE_DEBUG_INFO = NO;
				MTL_FAST_MATH = YES;
				SDKROOT = iphoneos;
				SWIFT_COMPILATION_MODE = wholemodule;
				VALIDATE_PRODUCT = YES;
			};
			name = Release;
		};
		7DBEFB042CFC7C2400F18B57 /* Debug */ = {
			isa = XCBuildConfiguration;
			buildSettings = {
				BUNDLE_LOADER = "$(TEST_HOST)";
				CODE_SIGN_STYLE = Automatic;
				CURRENT_PROJECT_VERSION = 1;
				DEVELOPMENT_TEAM = 962U2TD2V5;
				GENERATE_INFOPLIST_FILE = YES;
				IPHONEOS_DEPLOYMENT_TARGET = 18.0;
				MARKETING_VERSION = 1.0;
				PRODUCT_BUNDLE_IDENTIFIER = com.yiyi.MutiScreenAppWithNavigationControllerTests;
				PRODUCT_NAME = "$(TARGET_NAME)";
				SWIFT_EMIT_LOC_STRINGS = NO;
				SWIFT_VERSION = 5.0;
				TARGETED_DEVICE_FAMILY = "1,2";
				TEST_HOST = "$(BUILT_PRODUCTS_DIR)/MutiScreenAppWithNavigationController.app/$(BUNDLE_EXECUTABLE_FOLDER_PATH)/MutiScreenAppWithNavigationController";
			};
			name = Debug;
		};
		7DBEFB052CFC7C2400F18B57 /* Release */ = {
			isa = XCBuildConfiguration;
			buildSettings = {
				BUNDLE_LOADER = "$(TEST_HOST)";
				CODE_SIGN_STYLE = Automatic;
				CURRENT_PROJECT_VERSION = 1;
				DEVELOPMENT_TEAM = 962U2TD2V5;
				GENERATE_INFOPLIST_FILE = YES;
				IPHONEOS_DEPLOYMENT_TARGET = 18.0;
				MARKETING_VERSION = 1.0;
				PRODUCT_BUNDLE_IDENTIFIER = com.yiyi.MutiScreenAppWithNavigationControllerTests;
				PRODUCT_NAME = "$(TARGET_NAME)";
				SWIFT_EMIT_LOC_STRINGS = NO;
				SWIFT_VERSION = 5.0;
				TARGETED_DEVICE_FAMILY = "1,2";
				TEST_HOST = "$(BUILT_PRODUCTS_DIR)/MutiScreenAppWithNavigationController.app/$(BUNDLE_EXECUTABLE_FOLDER_PATH)/MutiScreenAppWithNavigationController";
			};
			name = Release;
		};
		7DBEFB072CFC7C2400F18B57 /* Debug */ = {
			isa = XCBuildConfiguration;
			buildSettings = {
				CODE_SIGN_STYLE = Automatic;
				CURRENT_PROJECT_VERSION = 1;
				DEVELOPMENT_TEAM = 962U2TD2V5;
				GENERATE_INFOPLIST_FILE = YES;
				MARKETING_VERSION = 1.0;
				PRODUCT_BUNDLE_IDENTIFIER = com.yiyi.MutiScreenAppWithNavigationControllerUITests;
				PRODUCT_NAME = "$(TARGET_NAME)";
				SWIFT_EMIT_LOC_STRINGS = NO;
				SWIFT_VERSION = 5.0;
				TARGETED_DEVICE_FAMILY = "1,2";
				TEST_TARGET_NAME = MutiScreenAppWithNavigationController;
			};
			name = Debug;
		};
		7DBEFB082CFC7C2400F18B57 /* Release */ = {
			isa = XCBuildConfiguration;
			buildSettings = {
				CODE_SIGN_STYLE = Automatic;
				CURRENT_PROJECT_VERSION = 1;
				DEVELOPMENT_TEAM = 962U2TD2V5;
				GENERATE_INFOPLIST_FILE = YES;
				MARKETING_VERSION = 1.0;
				PRODUCT_BUNDLE_IDENTIFIER = com.yiyi.MutiScreenAppWithNavigationControllerUITests;
				PRODUCT_NAME = "$(TARGET_NAME)";
				SWIFT_EMIT_LOC_STRINGS = NO;
				SWIFT_VERSION = 5.0;
				TARGETED_DEVICE_FAMILY = "1,2";
				TEST_TARGET_NAME = MutiScreenAppWithNavigationController;
			};
			name = Release;
		};
/* End XCBuildConfiguration section */

/* Begin XCConfigurationList section */
		7DBEFAD02CFC7C2200F18B57 /* Build configuration list for PBXProject "MutiScreenAppWithNavigationController" */ = {
			isa = XCConfigurationList;
			buildConfigurations = (
				7DBEFB012CFC7C2400F18B57 /* Debug */,
				7DBEFB022CFC7C2400F18B57 /* Release */,
			);
			defaultConfigurationIsVisible = 0;
			defaultConfigurationName = Release;
		};
		7DBEFAFE2CFC7C2400F18B57 /* Build configuration list for PBXNativeTarget "MutiScreenAppWithNavigationController" */ = {
			isa = XCConfigurationList;
			buildConfigurations = (
				7DBEFAFF2CFC7C2400F18B57 /* Debug */,
				7DBEFB002CFC7C2400F18B57 /* Release */,
			);
			defaultConfigurationIsVisible = 0;
			defaultConfigurationName = Release;
		};
		7DBEFB032CFC7C2400F18B57 /* Build configuration list for PBXNativeTarget "MutiScreenAppWithNavigationControllerTests" */ = {
			isa = XCConfigurationList;
			buildConfigurations = (
				7DBEFB042CFC7C2400F18B57 /* Debug */,
				7DBEFB052CFC7C2400F18B57 /* Release */,
			);
			defaultConfigurationIsVisible = 0;
			defaultConfigurationName = Release;
		};
		7DBEFB062CFC7C2400F18B57 /* Build configuration list for PBXNativeTarget "MutiScreenAppWithNavigationControllerUITests" */ = {
			isa = XCConfigurationList;
			buildConfigurations = (
				7DBEFB072CFC7C2400F18B57 /* Debug */,
				7DBEFB082CFC7C2400F18B57 /* Release */,
			);
			defaultConfigurationIsVisible = 0;
			defaultConfigurationName = Release;
		};
/* End XCConfigurationList section */

/* Begin XCRemoteSwiftPackageReference section */
		7DBEFB0B2CFC7D2000F18B57 /* XCRemoteSwiftPackageReference "SnapKit" */ = {
			isa = XCRemoteSwiftPackageReference;
			repositoryURL = "https://github.com/SnapKit/SnapKit.git";
			requirement = {
				kind = upToNextMajorVersion;
				minimumVersion = 5.7.1;
			};
		};
/* End XCRemoteSwiftPackageReference section */

/* Begin XCSwiftPackageProductDependency section */
		7DBEFB0C2CFC7D2000F18B57 /* SnapKit */ = {
			isa = XCSwiftPackageProductDependency;
			package = 7DBEFB0B2CFC7D2000F18B57 /* XCRemoteSwiftPackageReference "SnapKit" */;
			productName = SnapKit;
		};
/* End XCSwiftPackageProductDependency section */
	};
	rootObject = 7DBEFACD2CFC7C2200F18B57 /* Project object */;
}
